
Microsoft Visual Studio Solution File, Format Version 12.00
# Visual Studio Version 16
VisualStudioVersion = 16.0.31613.86
MinimumVisualStudioVersion = 10.0.40219.1
Project("{FAE04EC0-301F-11D3-BF4B-00C04F79EFBC}") = "UnitTestProject2", "UnitTestProject2\UnitTestProject2.csproj", "{C48A07B6-8DDB-438C-81E3-D50B7C01E76B}"
EndProject
Global
	GlobalSection(SolutionConfigurationPlatforms) = preSolution
		Debug|Any CPU = Debug|Any CPU
		Release|Any CPU = Release|Any CPU
	EndGlobalSection
	GlobalSection(ProjectConfigurationPlatforms) = postSolution
		{C48A07B6-8DDB-438C-81E3-D50B7C01E76B}.Debug|Any CPU.ActiveCfg = Debug|Any CPU
		{C48A07B6-8DDB-438C-81E3-D50B7C01E76B}.Debug|Any CPU.Build.0 = Debug|Any CPU
		{C48A07B6-8DDB-438C-81E3-D50B7C01E76B}.Release|Any CPU.ActiveCfg = Release|Any CPU
		{C48A07B6-8DDB-438C-81E3-D50B7C01E76B}.Release|Any CPU.Build.0 = Release|Any CPU
	EndGlobalSection
	GlobalSection(SolutionProperties) = preSolution
		HideSolutionNode = FALSE
	EndGlobalSection
	GlobalSection(ExtensibilityGlobals) = postSolution
		SolutionGuid = {4809F2FF-2EA5-4D21-BD4E-61A4574BDF8A}
	EndGlobalSection
EndGlobal
